
Microsoft Visual Studio Solution File, Format Version 12.00
# Visual Studio 2013
VisualStudioVersion = 12.0.21005.1
MinimumVisualStudioVersion = 10.0.40219.1
Project("{8BC9CEB8-8B4A-11D0-8D11-00A0C91BC942}") = "指针逆序字符串", "指针逆序字符串\指针逆序字符串.vcxproj", "{AD0287D1-FD24-4095-A9A2-3C3A2D1A2154}"
EndProject
Global
	GlobalSection(SolutionConfigurationPlatforms) = preSolution
		Debug|Win32 = Debug|Win32
		Release|Win32 = Release|Win32
	EndGlobalSection
	GlobalSection(ProjectConfigurationPlatforms) = postSolution
		{AD0287D1-FD24-4095-A9A2-3C3A2D1A2154}.Debug|Win32.ActiveCfg = Debug|Win32
		{AD0287D1-FD24-4095-A9A2-3C3A2D1A2154}.Debug|Win32.Build.0 = Debug|Win32
		{AD0287D1-FD24-4095-A9A2-3C3A2D1A2154}.Release|Win32.ActiveCfg = Release|Win32
		{AD0287D1-FD24-4095-A9A2-3C3A2D1A2154}.Release|Win32.Build.0 = Release|Win32
	EndGlobalSection
	GlobalSection(SolutionProperties) = preSolution
		HideSolutionNode = FALSE
	EndGlobalSection
EndGlobal
